// !$*UTF8*$!
{
	archiveVersion = 1;
	classes = {
	};
	objectVersion = 56;
	objects = {

/* Begin PBXBuildFile section */
		1DF7D20A2C6CFDC7007E18E3 /* BookSearchApp.swift in Sources */ = {isa = PBXBuildFile; fileRef = 1DF7D2092C6CFDC7007E18E3 /* BookSearchApp.swift */; };
		1DF7D20C2C6CFDC7007E18E3 /* ContentView.swift in Sources */ = {isa = PBXBuildFile; fileRef = 1DF7D20B2C6CFDC7007E18E3 /* ContentView.swift */; };
		1DF7D20E2C6CFDC8007E18E3 /* Assets.xcassets in Resources */ = {isa = PBXBuildFile; fileRef = 1DF7D20D2C6CFDC8007E18E3 /* Assets.xcassets */; };
		1DF7D2112C6CFDC8007E18E3 /* Preview Assets.xcassets in Resources */ = {isa = PBXBuildFile; fileRef = 1DF7D2102C6CFDC8007E18E3 /* Preview Assets.xcassets */; };
		1DF7D2132C6CFDC8007E18E3 /* Persistence.swift in Sources */ = {isa = PBXBuildFile; fileRef = 1DF7D2122C6CFDC8007E18E3 /* Persistence.swift */; };
		1DF7D2162C6CFDC8007E18E3 /* BookSearch.xcdatamodeld in Sources */ = {isa = PBXBuildFile; fileRef = 1DF7D2142C6CFDC8007E18E3 /* BookSearch.xcdatamodeld */; };
		1DF7D2202C6CFDC8007E18E3 /* BookSearchTests.swift in Sources */ = {isa = PBXBuildFile; fileRef = 1DF7D21F2C6CFDC8007E18E3 /* BookSearchTests.swift */; };
		1DF7D22A2C6CFDC8007E18E3 /* BookSearchUITests.swift in Sources */ = {isa = PBXBuildFile; fileRef = 1DF7D2292C6CFDC8007E18E3 /* BookSearchUITests.swift */; };
		1DF7D22C2C6CFDC8007E18E3 /* BookSearchUITestsLaunchTests.swift in Sources */ = {isa = PBXBuildFile; fileRef = 1DF7D22B2C6CFDC8007E18E3 /* BookSearchUITestsLaunchTests.swift */; };
		1DF7D23D2C6D0122007E18E3 /* Constants.swift in Sources */ = {isa = PBXBuildFile; fileRef = 1DF7D23C2C6D0122007E18E3 /* Constants.swift */; };
		1DF7D23F2C6D0199007E18E3 /* BooksViewModel.swift in Sources */ = {isa = PBXBuildFile; fileRef = 1DF7D23E2C6D0199007E18E3 /* BooksViewModel.swift */; };
		1DF7D2412C6D01D0007E18E3 /* Books.swift in Sources */ = {isa = PBXBuildFile; fileRef = 1DF7D2402C6D01D0007E18E3 /* Books.swift */; };
/* End PBXBuildFile section */

/* Begin PBXContainerItemProxy section */
		1DF7D21C2C6CFDC8007E18E3 /* PBXContainerItemProxy */ = {
			isa = PBXContainerItemProxy;
			containerPortal = 1DF7D1FE2C6CFDC7007E18E3 /* Project object */;
			proxyType = 1;
			remoteGlobalIDString = 1DF7D2052C6CFDC7007E18E3;
			remoteInfo = BookSearch;
		};
		1DF7D2262C6CFDC8007E18E3 /* PBXContainerItemProxy */ = {
			isa = PBXContainerItemProxy;
			containerPortal = 1DF7D1FE2C6CFDC7007E18E3 /* Project object */;
			proxyType = 1;
			remoteGlobalIDString = 1DF7D2052C6CFDC7007E18E3;
			remoteInfo = BookSearch;
		};
/* End PBXContainerItemProxy section */

/* Begin PBXFileReference section */
		1DF7D2062C6CFDC7007E18E3 /* BookSearch.app */ = {isa = PBXFileReference; explicitFileType = wrapper.application; includeInIndex = 0; path = BookSearch.app; sourceTree = BUILT_PRODUCTS_DIR; };
		1DF7D2092C6CFDC7007E18E3 /* BookSearchApp.swift */ = {isa = PBXFileReference; lastKnownFileType = sourcecode.swift; path = BookSearchApp.swift; sourceTree = "<group>"; };
		1DF7D20B2C6CFDC7007E18E3 /* ContentView.swift */ = {isa = PBXFileReference; lastKnownFileType = sourcecode.swift; path = ContentView.swift; sourceTree = "<group>"; };
		1DF7D20D2C6CFDC8007E18E3 /* Assets.xcassets */ = {isa = PBXFileReference; lastKnownFileType = folder.assetcatalog; path = Assets.xcassets; sourceTree = "<group>"; };
		1DF7D2102C6CFDC8007E18E3 /* Preview Assets.xcassets */ = {isa = PBXFileReference; lastKnownFileType = folder.assetcatalog; path = "Preview Assets.xcassets"; sourceTree = "<group>"; };
		1DF7D2122C6CFDC8007E18E3 /* Persistence.swift */ = {isa = PBXFileReference; lastKnownFileType = sourcecode.swift; path = Persistence.swift; sourceTree = "<group>"; };
		1DF7D2152C6CFDC8007E18E3 /* BookSearch.xcdatamodel */ = {isa = PBXFileReference; lastKnownFileType = wrapper.xcdatamodel; path = BookSearch.xcdatamodel; sourceTree = "<group>"; };
		1DF7D21B2C6CFDC8007E18E3 /* BookSearchTests.xctest */ = {isa = PBXFileReference; explicitFileType = wrapper.cfbundle; includeInIndex = 0; path = BookSearchTests.xctest; sourceTree = BUILT_PRODUCTS_DIR; };
		1DF7D21F2C6CFDC8007E18E3 /* BookSearchTests.swift */ = {isa = PBXFileReference; lastKnownFileType = sourcecode.swift; path = BookSearchTests.swift; sourceTree = "<group>"; };
		1DF7D2252C6CFDC8007E18E3 /* BookSearchUITests.xctest */ = {isa = PBXFileReference; explicitFileType = wrapper.cfbundle; includeInIndex = 0; path = BookSearchUITests.xctest; sourceTree = BUILT_PRODUCTS_DIR; };
		1DF7D2292C6CFDC8007E18E3 /* BookSearchUITests.swift */ = {isa = PBXFileReference; lastKnownFileType = sourcecode.swift; path = BookSearchUITests.swift; sourceTree = "<group>"; };
		1DF7D22B2C6CFDC8007E18E3 /* BookSearchUITestsLaunchTests.swift */ = {isa = PBXFileReference; lastKnownFileType = sourcecode.swift; path = BookSearchUITestsLaunchTests.swift; sourceTree = "<group>"; };
		1DF7D23C2C6D0122007E18E3 /* Constants.swift */ = {isa = PBXFileReference; fileEncoding = 4; lastKnownFileType = sourcecode.swift; path = Constants.swift; sourceTree = "<group>"; };
		1DF7D23E2C6D0199007E18E3 /* BooksViewModel.swift */ = {isa = PBXFileReference; lastKnownFileType = sourcecode.swift; path = BooksViewModel.swift; sourceTree = "<group>"; };
		1DF7D2402C6D01D0007E18E3 /* Books.swift */ = {isa = PBXFileReference; lastKnownFileType = sourcecode.swift; path = Books.swift; sourceTree = "<group>"; };
/* End PBXFileReference section */

/* Begin PBXFrameworksBuildPhase section */
		1DF7D2032C6CFDC7007E18E3 /* Frameworks */ = {
			isa = PBXFrameworksBuildPhase;
			buildActionMask = 2147483647;
			files = (
			);
			runOnlyForDeploymentPostprocessing = 0;
		};
		1DF7D2182C6CFDC8007E18E3 /* Frameworks */ = {
			isa = PBXFrameworksBuildPhase;
			buildActionMask = 2147483647;
			files = (
			);
			runOnlyForDeploymentPostprocessing = 0;
		};
		1DF7D2222C6CFDC8007E18E3 /* Frameworks */ = {
			isa = PBXFrameworksBuildPhase;
			buildActionMask = 2147483647;
			files = (
			);
			runOnlyForDeploymentPostprocessing = 0;
		};
/* End PBXFrameworksBuildPhase section */

/* Begin PBXGroup section */
		1DF7D1FD2C6CFDC7007E18E3 = {
			isa = PBXGroup;
			children = (
				1DF7D2082C6CFDC7007E18E3 /* BookSearch */,
				1DF7D21E2C6CFDC8007E18E3 /* BookSearchTests */,
				1DF7D2282C6CFDC8007E18E3 /* BookSearchUITests */,
				1DF7D2072C6CFDC7007E18E3 /* Products */,
			);
			sourceTree = "<group>";
		};
		1DF7D2072C6CFDC7007E18E3 /* Products */ = {
			isa = PBXGroup;
			children = (
				1DF7D2062C6CFDC7007E18E3 /* BookSearch.app */,
				1DF7D21B2C6CFDC8007E18E3 /* BookSearchTests.xctest */,
				1DF7D2252C6CFDC8007E18E3 /* BookSearchUITests.xctest */,
			);
			name = Products;
			sourceTree = "<group>";
		};
		1DF7D2082C6CFDC7007E18E3 /* BookSearch */ = {
			isa = PBXGroup;
			children = (
				1DF7D2092C6CFDC7007E18E3 /* BookSearchApp.swift */,
				1DF7D2382C6CFE66007E18E3 /* Model */,
				1DF7D2392C6CFE79007E18E3 /* ViewModel */,
				1DF7D23A2C6CFE84007E18E3 /* View */,
				1DF7D23B2C6D00FA007E18E3 /* Utils  */,
				1DF7D20D2C6CFDC8007E18E3 /* Assets.xcassets */,
				1DF7D2122C6CFDC8007E18E3 /* Persistence.swift */,
				1DF7D2142C6CFDC8007E18E3 /* BookSearch.xcdatamodeld */,
				1DF7D20F2C6CFDC8007E18E3 /* Preview Content */,
			);
			path = BookSearch;
			sourceTree = "<group>";
		};
		1DF7D20F2C6CFDC8007E18E3 /* Preview Content */ = {
			isa = PBXGroup;
			children = (
				1DF7D2102C6CFDC8007E18E3 /* Preview Assets.xcassets */,
			);
			path = "Preview Content";
			sourceTree = "<group>";
		};
		1DF7D21E2C6CFDC8007E18E3 /* BookSearchTests */ = {
			isa = PBXGroup;
			children = (
				1DF7D21F2C6CFDC8007E18E3 /* BookSearchTests.swift */,
			);
			path = BookSearchTests;
			sourceTree = "<group>";
		};
		1DF7D2282C6CFDC8007E18E3 /* BookSearchUITests */ = {
			isa = PBXGroup;
			children = (
				1DF7D2292C6CFDC8007E18E3 /* BookSearchUITests.swift */,
				1DF7D22B2C6CFDC8007E18E3 /* BookSearchUITestsLaunchTests.swift */,
			);
			path = BookSearchUITests;
			sourceTree = "<group>";
		};
		1DF7D2382C6CFE66007E18E3 /* Model */ = {
			isa = PBXGroup;
			children = (
				1DF7D2402C6D01D0007E18E3 /* Books.swift */,
			);
			path = Model;
			sourceTree = "<group>";
		};
		1DF7D2392C6CFE79007E18E3 /* ViewModel */ = {
			isa = PBXGroup;
			children = (
				1DF7D23E2C6D0199007E18E3 /* BooksViewModel.swift */,
			);
			path = ViewModel;
			sourceTree = "<group>";
		};
		1DF7D23A2C6CFE84007E18E3 /* View */ = {
			isa = PBXGroup;
			children = (
				1DF7D20B2C6CFDC7007E18E3 /* ContentView.swift */,
			);
			path = View;
			sourceTree = "<group>";
		};
		1DF7D23B2C6D00FA007E18E3 /* Utils  */ = {
			isa = PBXGroup;
			children = (
				1DF7D23C2C6D0122007E18E3 /* Constants.swift */,
			);
			path = "Utils ";
			sourceTree = "<group>";
		};
/* End PBXGroup section */

/* Begin PBXNativeTarget section */
		1DF7D2052C6CFDC7007E18E3 /* BookSearch */ = {
			isa = PBXNativeTarget;
			buildConfigurationList = 1DF7D22F2C6CFDC8007E18E3 /* Build configuration list for PBXNativeTarget "BookSearch" */;
			buildPhases = (
				1DF7D2022C6CFDC7007E18E3 /* Sources */,
				1DF7D2032C6CFDC7007E18E3 /* Frameworks */,
				1DF7D2042C6CFDC7007E18E3 /* Resources */,
			);
			buildRules = (
			);
			dependencies = (
			);
			name = BookSearch;
			productName = BookSearch;
			productReference = 1DF7D2062C6CFDC7007E18E3 /* BookSearch.app */;
			productType = "com.apple.product-type.application";
		};
		1DF7D21A2C6CFDC8007E18E3 /* BookSearchTests */ = {
			isa = PBXNativeTarget;
			buildConfigurationList = 1DF7D2322C6CFDC8007E18E3 /* Build configuration list for PBXNativeTarget "BookSearchTests" */;
			buildPhases = (
				1DF7D2172C6CFDC8007E18E3 /* Sources */,
				1DF7D2182C6CFDC8007E18E3 /* Frameworks */,
				1DF7D2192C6CFDC8007E18E3 /* Resources */,
			);
			buildRules = (
			);
			dependencies = (
				1DF7D21D2C6CFDC8007E18E3 /* PBXTargetDependency */,
			);
			name = BookSearchTests;
			productName = BookSearchTests;
			productReference = 1DF7D21B2C6CFDC8007E18E3 /* BookSearchTests.xctest */;
			productType = "com.apple.product-type.bundle.unit-test";
		};
		1DF7D2242C6CFDC8007E18E3 /* BookSearchUITests */ = {
			isa = PBXNativeTarget;
			buildConfigurationList = 1DF7D2352C6CFDC8007E18E3 /* Build configuration list for PBXNativeTarget "BookSearchUITests" */;
			buildPhases = (
				1DF7D2212C6CFDC8007E18E3 /* Sources */,
				1DF7D2222C6CFDC8007E18E3 /* Frameworks */,
				1DF7D2232C6CFDC8007E18E3 /* Resources */,
			);
			buildRules = (
			);
			dependencies = (
				1DF7D2272C6CFDC8007E18E3 /* PBXTargetDependency */,
			);
			name = BookSearchUITests;
			productName = BookSearchUITests;
			productReference = 1DF7D2252C6CFDC8007E18E3 /* BookSearchUITests.xctest */;
			productType = "com.apple.product-type.bundle.ui-testing";
		};
/* End PBXNativeTarget section */

/* Begin PBXProject section */
		1DF7D1FE2C6CFDC7007E18E3 /* Project object */ = {
			isa = PBXProject;
			attributes = {
				BuildIndependentTargetsInParallel = 1;
				LastSwiftUpdateCheck = 1540;
				LastUpgradeCheck = 1540;
				TargetAttributes = {
					1DF7D2052C6CFDC7007E18E3 = {
						CreatedOnToolsVersion = 15.4;
					};
					1DF7D21A2C6CFDC8007E18E3 = {
						CreatedOnToolsVersion = 15.4;
						TestTargetID = 1DF7D2052C6CFDC7007E18E3;
					};
					1DF7D2242C6CFDC8007E18E3 = {
						CreatedOnToolsVersion = 15.4;
						TestTargetID = 1DF7D2052C6CFDC7007E18E3;
					};
				};
			};
			buildConfigurationList = 1DF7D2012C6CFDC7007E18E3 /* Build configuration list for PBXProject "BookSearch" */;
			compatibilityVersion = "Xcode 14.0";
			developmentRegion = en;
			hasScannedForEncodings = 0;
			knownRegions = (
				en,
				Base,
			);
			mainGroup = 1DF7D1FD2C6CFDC7007E18E3;
			productRefGroup = 1DF7D2072C6CFDC7007E18E3 /* Products */;
			projectDirPath = "";
			projectRoot = "";
			targets = (
				1DF7D2052C6CFDC7007E18E3 /* BookSearch */,
				1DF7D21A2C6CFDC8007E18E3 /* BookSearchTests */,
				1DF7D2242C6CFDC8007E18E3 /* BookSearchUITests */,
			);
		};
/* End PBXProject section */

/* Begin PBXResourcesBuildPhase section */
		1DF7D2042C6CFDC7007E18E3 /* Resources */ = {
			isa = PBXResourcesBuildPhase;
			buildActionMask = 2147483647;
			files = (
				1DF7D2112C6CFDC8007E18E3 /* Preview Assets.xcassets in Resources */,
				1DF7D20E2C6CFDC8007E18E3 /* Assets.xcassets in Resources */,
			);
			runOnlyForDeploymentPostprocessing = 0;
		};
		1DF7D2192C6CFDC8007E18E3 /* Resources */ = {
			isa = PBXResourcesBuildPhase;
			buildActionMask = 2147483647;
			files = (
			);
			runOnlyForDeploymentPostprocessing = 0;
		};
		1DF7D2232C6CFDC8007E18E3 /* Resources */ = {
			isa = PBXResourcesBuildPhase;
			buildActionMask = 2147483647;
			files = (
			);
			runOnlyForDeploymentPostprocessing = 0;
		};
/* End PBXResourcesBuildPhase section */

/* Begin PBXSourcesBuildPhase section */
		1DF7D2022C6CFDC7007E18E3 /* Sources */ = {
			isa = PBXSourcesBuildPhase;
			buildActionMask = 2147483647;
			files = (
				1DF7D2162C6CFDC8007E18E3 /* BookSearch.xcdatamodeld in Sources */,
				1DF7D23F2C6D0199007E18E3 /* BooksViewModel.swift in Sources */,
				1DF7D2132C6CFDC8007E18E3 /* Persistence.swift in Sources */,
				1DF7D2412C6D01D0007E18E3 /* Books.swift in Sources */,
				1DF7D23D2C6D0122007E18E3 /* Constants.swift in Sources */,
				1DF7D20C2C6CFDC7007E18E3 /* ContentView.swift in Sources */,
				1DF7D20A2C6CFDC7007E18E3 /* BookSearchApp.swift in Sources */,
			);
			runOnlyForDeploymentPostprocessing = 0;
		};
		1DF7D2172C6CFDC8007E18E3 /* Sources */ = {
			isa = PBXSourcesBuildPhase;
			buildActionMask = 2147483647;
			files = (
				1DF7D2202C6CFDC8007E18E3 /* BookSearchTests.swift in Sources */,
			);
			runOnlyForDeploymentPostprocessing = 0;
		};
		1DF7D2212C6CFDC8007E18E3 /* Sources */ = {
			isa = PBXSourcesBuildPhase;
			buildActionMask = 2147483647;
			files = (
				1DF7D22A2C6CFDC8007E18E3 /* BookSearchUITests.swift in Sources */,
				1DF7D22C2C6CFDC8007E18E3 /* BookSearchUITestsLaunchTests.swift in Sources */,
			);
			runOnlyForDeploymentPostprocessing = 0;
		};
/* End PBXSourcesBuildPhase section */

/* Begin PBXTargetDependency section */
		1DF7D21D2C6CFDC8007E18E3 /* PBXTargetDependency */ = {
			isa = PBXTargetDependency;
			target = 1DF7D2052C6CFDC7007E18E3 /* BookSearch */;
			targetProxy = 1DF7D21C2C6CFDC8007E18E3 /* PBXContainerItemProxy */;
		};
		1DF7D2272C6CFDC8007E18E3 /* PBXTargetDependency */ = {
			isa = PBXTargetDependency;
			target = 1DF7D2052C6CFDC7007E18E3 /* BookSearch */;
			targetProxy = 1DF7D2262C6CFDC8007E18E3 /* PBXContainerItemProxy */;
		};
/* End PBXTargetDependency section */

/* Begin XCBuildConfiguration section */
		1DF7D22D2C6CFDC8007E18E3 /* Debug */ = {
			isa = XCBuildConfiguration;
			buildSettings = {
				ALWAYS_SEARCH_USER_PATHS = NO;
				ASSETCATALOG_COMPILER_GENERATE_SWIFT_ASSET_SYMBOL_EXTENSIONS = YES;
				CLANG_ANALYZER_NONNULL = YES;
				CLANG_ANALYZER_NUMBER_OBJECT_CONVERSION = YES_AGGRESSIVE;
				CLANG_CXX_LANGUAGE_STANDARD = "gnu++20";
				CLANG_ENABLE_MODULES = YES;
				CLANG_ENABLE_OBJC_ARC = YES;
				CLANG_ENABLE_OBJC_WEAK = YES;
				CLANG_WARN_BLOCK_CAPTURE_AUTORELEASING = YES;
				CLANG_WARN_BOOL_CONVERSION = YES;
				CLANG_WARN_COMMA = YES;
				CLANG_WARN_CONSTANT_CONVERSION = YES;
				CLANG_WARN_DEPRECATED_OBJC_IMPLEMENTATIONS = YES;
				CLANG_WARN_DIRECT_OBJC_ISA_USAGE = YES_ERROR;
				CLANG_WARN_DOCUMENTATION_COMMENTS = YES;
				CLANG_WARN_EMPTY_BODY = YES;
				CLANG_WARN_ENUM_CONVERSION = YES;
				CLANG_WARN_INFINITE_RECURSION = YES;
				CLANG_WARN_INT_CONVERSION = YES;
				CLANG_WARN_NON_LITERAL_NULL_CONVERSION = YES;
				CLANG_WARN_OBJC_IMPLICIT_RETAIN_SELF = YES;
				CLANG_WARN_OBJC_LITERAL_CONVERSION = YES;
				CLANG_WARN_OBJC_ROOT_CLASS = YES_ERROR;
				CLANG_WARN_QUOTED_INCLUDE_IN_FRAMEWORK_HEADER = YES;
				CLANG_WARN_RANGE_LOOP_ANALYSIS = YES;
				CLANG_WARN_STRICT_PROTOTYPES = YES;
				CLANG_WARN_SUSPICIOUS_MOVE = YES;
				CLANG_WARN_UNGUARDED_AVAILABILITY = YES_AGGRESSIVE;
				CLANG_WARN_UNREACHABLE_CODE = YES;
				CLANG_WARN__DUPLICATE_METHOD_MATCH = YES;
				COPY_PHASE_STRIP = NO;
				DEBUG_INFORMATION_FORMAT = dwarf;
				ENABLE_STRICT_OBJC_MSGSEND = YES;
				ENABLE_TESTABILITY = YES;
				ENABLE_USER_SCRIPT_SANDBOXING = YES;
				GCC_C_LANGUAGE_STANDARD = gnu17;
				GCC_DYNAMIC_NO_PIC = NO;
				GCC_NO_COMMON_BLOCKS = YES;
				GCC_OPTIMIZATION_LEVEL = 0;
				GCC_PREPROCESSOR_DEFINITIONS = (
					"DEBUG=1",
					"$(inherited)",
				);
				GCC_WARN_64_TO_32_BIT_CONVERSION = YES;
				GCC_WARN_ABOUT_RETURN_TYPE = YES_ERROR;
				GCC_WARN_UNDECLARED_SELECTOR = YES;
				GCC_WARN_UNINITIALIZED_AUTOS = YES_AGGRESSIVE;
				GCC_WARN_UNUSED_FUNCTION = YES;
				GCC_WARN_UNUSED_VARIABLE = YES;
				IPHONEOS_DEPLOYMENT_TARGET = 17.5;
				LOCALIZATION_PREFERS_STRING_CATALOGS = YES;
				MTL_ENABLE_DEBUG_INFO = INCLUDE_SOURCE;
				MTL_FAST_MATH = YES;
				ONLY_ACTIVE_ARCH = YES;
				SDKROOT = iphoneos;
				SWIFT_ACTIVE_COMPILATION_CONDITIONS = "DEBUG $(inherited)";
				SWIFT_OPTIMIZATION_LEVEL = "-Onone";
			};
			name = Debug;
		};
		1DF7D22E2C6CFDC8007E18E3 /* Release */ = {
			isa = XCBuildConfiguration;
			buildSettings = {
				ALWAYS_SEARCH_USER_PATHS = NO;
				ASSETCATALOG_COMPILER_GENERATE_SWIFT_ASSET_SYMBOL_EXTENSIONS = YES;
				CLANG_ANALYZER_NONNULL = YES;
				CLANG_ANALYZER_NUMBER_OBJECT_CONVERSION = YES_AGGRESSIVE;
				CLANG_CXX_LANGUAGE_STANDARD = "gnu++20";
				CLANG_ENABLE_MODULES = YES;
				CLANG_ENABLE_OBJC_ARC = YES;
				CLANG_ENABLE_OBJC_WEAK = YES;
				CLANG_WARN_BLOCK_CAPTURE_AUTORELEASING = YES;
				CLANG_WARN_BOOL_CONVERSION = YES;
				CLANG_WARN_COMMA = YES;
				CLANG_WARN_CONSTANT_CONVERSION = YES;
				CLANG_WARN_DEPRECATED_OBJC_IMPLEMENTATIONS = YES;
				CLANG_WARN_DIRECT_OBJC_ISA_USAGE = YES_ERROR;
				CLANG_WARN_DOCUMENTATION_COMMENTS = YES;
				CLANG_WARN_EMPTY_BODY = YES;
				CLANG_WARN_ENUM_CONVERSION = YES;
				CLANG_WARN_INFINITE_RECURSION = YES;
				CLANG_WARN_INT_CONVERSION = YES;
				CLANG_WARN_NON_LITERAL_NULL_CONVERSION = YES;
				CLANG_WARN_OBJC_IMPLICIT_RETAIN_SELF = YES;
				CLANG_WARN_OBJC_LITERAL_CONVERSION = YES;
				CLANG_WARN_OBJC_ROOT_CLASS = YES_ERROR;
				CLANG_WARN_QUOTED_INCLUDE_IN_FRAMEWORK_HEADER = YES;
				CLANG_WARN_RANGE_LOOP_ANALYSIS = YES;
				CLANG_WARN_STRICT_PROTOTYPES = YES;
				CLANG_WARN_SUSPICIOUS_MOVE = YES;
				CLANG_WARN_UNGUARDED_AVAILABILITY = YES_AGGRESSIVE;
				CLANG_WARN_UNREACHABLE_CODE = YES;
				CLANG_WARN__DUPLICATE_METHOD_MATCH = YES;
				COPY_PHASE_STRIP = NO;
				DEBUG_INFORMATION_FORMAT = "dwarf-with-dsym";
				ENABLE_NS_ASSERTIONS = NO;
				ENABLE_STRICT_OBJC_MSGSEND = YES;
				ENABLE_USER_SCRIPT_SANDBOXING = YES;
				GCC_C_LANGUAGE_STANDARD = gnu17;
				GCC_NO_COMMON_BLOCKS = YES;
				GCC_WARN_64_TO_32_BIT_CONVERSION = YES;
				GCC_WARN_ABOUT_RETURN_TYPE = YES_ERROR;
				GCC_WARN_UNDECLARED_SELECTOR = YES;
				GCC_WARN_UNINITIALIZED_AUTOS = YES_AGGRESSIVE;
				GCC_WARN_UNUSED_FUNCTION = YES;
				GCC_WARN_UNUSED_VARIABLE = YES;
				IPHONEOS_DEPLOYMENT_TARGET = 17.5;
				LOCALIZATION_PREFERS_STRING_CATALOGS = YES;
				MTL_ENABLE_DEBUG_INFO = NO;
				MTL_FAST_MATH = YES;
				SDKROOT = iphoneos;
				SWIFT_COMPILATION_MODE = wholemodule;
				VALIDATE_PRODUCT = YES;
			};
			name = Release;
		};
		1DF7D2302C6CFDC8007E18E3 /* Debug */ = {
			isa = XCBuildConfiguration;
			buildSettings = {
				ASSETCATALOG_COMPILER_APPICON_NAME = AppIcon;
				ASSETCATALOG_COMPILER_GLOBAL_ACCENT_COLOR_NAME = AccentColor;
				CODE_SIGN_STYLE = Automatic;
				CURRENT_PROJECT_VERSION = 1;
				DEVELOPMENT_ASSET_PATHS = "\"BookSearch/Preview Content\"";
				ENABLE_PREVIEWS = YES;
				GENERATE_INFOPLIST_FILE = YES;
				INFOPLIST_KEY_UIApplicationSceneManifest_Generation = YES;
				INFOPLIST_KEY_UIApplicationSupportsIndirectInputEvents = YES;
				INFOPLIST_KEY_UILaunchScreen_Generation = YES;
				INFOPLIST_KEY_UISupportedInterfaceOrientations_iPad = "UIInterfaceOrientationPortrait UIInterfaceOrientationPortraitUpsideDown UIInterfaceOrientationLandscapeLeft UIInterfaceOrientationLandscapeRight";
				INFOPLIST_KEY_UISupportedInterfaceOrientations_iPhone = "UIInterfaceOrientationPortrait UIInterfaceOrientationLandscapeLeft UIInterfaceOrientationLandscapeRight";
				LD_RUNPATH_SEARCH_PATHS = (
					"$(inherited)",
					"@executable_path/Frameworks",
				);
				MARKETING_VERSION = 1.0;
				PRODUCT_BUNDLE_IDENTIFIER = com.harsha.test.BookSearch;
				PRODUCT_NAME = "$(TARGET_NAME)";
				SWIFT_EMIT_LOC_STRINGS = YES;
				SWIFT_VERSION = 5.0;
				TARGETED_DEVICE_FAMILY = "1,2";
			};
			name = Debug;
		};
		1DF7D2312C6CFDC8007E18E3 /* Release */ = {
			isa = XCBuildConfiguration;
			buildSettings = {
				ASSETCATALOG_COMPILER_APPICON_NAME = AppIcon;
				ASSETCATALOG_COMPILER_GLOBAL_ACCENT_COLOR_NAME = AccentColor;
				CODE_SIGN_STYLE = Automatic;
				CURRENT_PROJECT_VERSION = 1;
				DEVELOPMENT_ASSET_PATHS = "\"BookSearch/Preview Content\"";
				ENABLE_PREVIEWS = YES;
				GENERATE_INFOPLIST_FILE = YES;
				INFOPLIST_KEY_UIApplicationSceneManifest_Generation = YES;
				INFOPLIST_KEY_UIApplicationSupportsIndirectInputEvents = YES;
				INFOPLIST_KEY_UILaunchScreen_Generation = YES;
				INFOPLIST_KEY_UISupportedInterfaceOrientations_iPad = "UIInterfaceOrientationPortrait UIInterfaceOrientationPortraitUpsideDown UIInterfaceOrientationLandscapeLeft UIInterfaceOrientationLandscapeRight";
				INFOPLIST_KEY_UISupportedInterfaceOrientations_iPhone = "UIInterfaceOrientationPortrait UIInterfaceOrientationLandscapeLeft UIInterfaceOrientationLandscapeRight";
				LD_RUNPATH_SEARCH_PATHS = (
					"$(inherited)",
					"@executable_path/Frameworks",
				);
				MARKETING_VERSION = 1.0;
				PRODUCT_BUNDLE_IDENTIFIER = com.harsha.test.BookSearch;
				PRODUCT_NAME = "$(TARGET_NAME)";
				SWIFT_EMIT_LOC_STRINGS = YES;
				SWIFT_VERSION = 5.0;
				TARGETED_DEVICE_FAMILY = "1,2";
			};
			name = Release;
		};
		1DF7D2332C6CFDC8007E18E3 /* Debug */ = {
			isa = XCBuildConfiguration;
			buildSettings = {
				ALWAYS_EMBED_SWIFT_STANDARD_LIBRARIES = YES;
				BUNDLE_LOADER = "$(TEST_HOST)";
				CODE_SIGN_STYLE = Automatic;
				CURRENT_PROJECT_VERSION = 1;
				GENERATE_INFOPLIST_FILE = YES;
				IPHONEOS_DEPLOYMENT_TARGET = 17.5;
				MARKETING_VERSION = 1.0;
				PRODUCT_BUNDLE_IDENTIFIER = com.harsha.test.BookSearchTests;
				PRODUCT_NAME = "$(TARGET_NAME)";
				SWIFT_EMIT_LOC_STRINGS = NO;
				SWIFT_VERSION = 5.0;
				TARGETED_DEVICE_FAMILY = "1,2";
				TEST_HOST = "$(BUILT_PRODUCTS_DIR)/BookSearch.app/$(BUNDLE_EXECUTABLE_FOLDER_PATH)/BookSearch";
			};
			name = Debug;
		};
		1DF7D2342C6CFDC8007E18E3 /* Release */ = {
			isa = XCBuildConfiguration;
			buildSettings = {
				ALWAYS_EMBED_SWIFT_STANDARD_LIBRARIES = YES;
				BUNDLE_LOADER = "$(TEST_HOST)";
				CODE_SIGN_STYLE = Automatic;
				CURRENT_PROJECT_VERSION = 1;
				GENERATE_INFOPLIST_FILE = YES;
				IPHONEOS_DEPLOYMENT_TARGET = 17.5;
				MARKETING_VERSION = 1.0;
				PRODUCT_BUNDLE_IDENTIFIER = com.harsha.test.BookSearchTests;
				PRODUCT_NAME = "$(TARGET_NAME)";
				SWIFT_EMIT_LOC_STRINGS = NO;
				SWIFT_VERSION = 5.0;
				TARGETED_DEVICE_FAMILY = "1,2";
				TEST_HOST = "$(BUILT_PRODUCTS_DIR)/BookSearch.app/$(BUNDLE_EXECUTABLE_FOLDER_PATH)/BookSearch";
			};
			name = Release;
		};
		1DF7D2362C6CFDC8007E18E3 /* Debug */ = {
			isa = XCBuildConfiguration;
			buildSettings = {
				ALWAYS_EMBED_SWIFT_STANDARD_LIBRARIES = YES;
				CODE_SIGN_STYLE = Automatic;
				CURRENT_PROJECT_VERSION = 1;
				GENERATE_INFOPLIST_FILE = YES;
				MARKETING_VERSION = 1.0;
				PRODUCT_BUNDLE_IDENTIFIER = com.harsha.test.BookSearchUITests;
				PRODUCT_NAME = "$(TARGET_NAME)";
				SWIFT_EMIT_LOC_STRINGS = NO;
				SWIFT_VERSION = 5.0;
				TARGETED_DEVICE_FAMILY = "1,2";
				TEST_TARGET_NAME = BookSearch;
			};
			name = Debug;
		};
		1DF7D2372C6CFDC8007E18E3 /* Release */ = {
			isa = XCBuildConfiguration;
			buildSettings = {
				ALWAYS_EMBED_SWIFT_STANDARD_LIBRARIES = YES;
				CODE_SIGN_STYLE = Automatic;
				CURRENT_PROJECT_VERSION = 1;
				GENERATE_INFOPLIST_FILE = YES;
				MARKETING_VERSION = 1.0;
				PRODUCT_BUNDLE_IDENTIFIER = com.harsha.test.BookSearchUITests;
				PRODUCT_NAME = "$(TARGET_NAME)";
				SWIFT_EMIT_LOC_STRINGS = NO;
				SWIFT_VERSION = 5.0;
				TARGETED_DEVICE_FAMILY = "1,2";
				TEST_TARGET_NAME = BookSearch;
			};
			name = Release;
		};
/* End XCBuildConfiguration section */

/* Begin XCConfigurationList section */
		1DF7D2012C6CFDC7007E18E3 /* Build configuration list for PBXProject "BookSearch" */ = {
			isa = XCConfigurationList;
			buildConfigurations = (
				1DF7D22D2C6CFDC8007E18E3 /* Debug */,
				1DF7D22E2C6CFDC8007E18E3 /* Release */,
			);
			defaultConfigurationIsVisible = 0;
			defaultConfigurationName = Release;
		};
		1DF7D22F2C6CFDC8007E18E3 /* Build configuration list for PBXNativeTarget "BookSearch" */ = {
			isa = XCConfigurationList;
			buildConfigurations = (
				1DF7D2302C6CFDC8007E18E3 /* Debug */,
				1DF7D2312C6CFDC8007E18E3 /* Release */,
			);
			defaultConfigurationIsVisible = 0;
			defaultConfigurationName = Release;
		};
		1DF7D2322C6CFDC8007E18E3 /* Build configuration list for PBXNativeTarget "BookSearchTests" */ = {
			isa = XCConfigurationList;
			buildConfigurations = (
				1DF7D2332C6CFDC8007E18E3 /* Debug */,
				1DF7D2342C6CFDC8007E18E3 /* Release */,
			);
			defaultConfigurationIsVisible = 0;
			defaultConfigurationName = Release;
		};
		1DF7D2352C6CFDC8007E18E3 /* Build configuration list for PBXNativeTarget "BookSearchUITests" */ = {
			isa = XCConfigurationList;
			buildConfigurations = (
				1DF7D2362C6CFDC8007E18E3 /* Debug */,
				1DF7D2372C6CFDC8007E18E3 /* Release */,
			);
			defaultConfigurationIsVisible = 0;
			defaultConfigurationName = Release;
		};
/* End XCConfigurationList section */

/* Begin XCVersionGroup section */
		1DF7D2142C6CFDC8007E18E3 /* BookSearch.xcdatamodeld */ = {
			isa = XCVersionGroup;
			children = (
				1DF7D2152C6CFDC8007E18E3 /* BookSearch.xcdatamodel */,
			);
			currentVersion = 1DF7D2152C6CFDC8007E18E3 /* BookSearch.xcdatamodel */;
			path = BookSearch.xcdatamodeld;
			sourceTree = "<group>";
			versionGroupType = wrapper.xcdatamodel;
		};
/* End XCVersionGroup section */
	};
	rootObject = 1DF7D1FE2C6CFDC7007E18E3 /* Project object */;
}
